
Microsoft Visual Studio Solution File, Format Version 12.00
# Visual Studio Version 17
VisualStudioVersion = 17.11.35222.181
MinimumVisualStudioVersion = 10.0.40219.1
Project("{FAE04EC0-301F-11D3-BF4B-00C04F79EFBC}") = "ADO.NetMotSakila_GOhman", "ADO.NetMotSakila_GOhman.csproj", "{647AE96D-495F-4C5F-B34C-776BFB9BD73F}"
EndProject
Global
	GlobalSection(SolutionConfigurationPlatforms) = preSolution
		Debug|Any CPU = Debug|Any CPU
		Release|Any CPU = Release|Any CPU
	EndGlobalSection
	GlobalSection(ProjectConfigurationPlatforms) = postSolution
		{647AE96D-495F-4C5F-B34C-776BFB9BD73F}.Debug|Any CPU.ActiveCfg = Debug|Any CPU
		{647AE96D-495F-4C5F-B34C-776BFB9BD73F}.Debug|Any CPU.Build.0 = Debug|Any CPU
		{647AE96D-495F-4C5F-B34C-776BFB9BD73F}.Release|Any CPU.ActiveCfg = Release|Any CPU
		{647AE96D-495F-4C5F-B34C-776BFB9BD73F}.Release|Any CPU.Build.0 = Release|Any CPU
	EndGlobalSection
	GlobalSection(SolutionProperties) = preSolution
		HideSolutionNode = FALSE
	EndGlobalSection
	GlobalSection(ExtensibilityGlobals) = postSolution
		SolutionGuid = {A20B2BE4-D76F-45C6-8F99-DBC022BF4FFA}
	EndGlobalSection
EndGlobal
